
Microsoft Visual Studio Solution File, Format Version 12.00
# Visual Studio Version 17
VisualStudioVersion = 17.0.31903.59
MinimumVisualStudioVersion = 10.0.40219.1
Project("{FAE04EC0-301F-11D3-BF4B-00C04F79EFBC}") = "Amatsucozy.PMS.Email.Core", "Amatsucozy.PMS.Email.Core\Amatsucozy.PMS.Email.Core.csproj", "{A25667CE-4FE8-40F0-BF2B-D2733C02B3A6}"
EndProject
Project("{2150E333-8FDC-42A3-9474-1A3956D46DE8}") = "Solution Items", "Solution Items", "{A205A8BA-8A2B-4B0B-A55F-EBC7370249ED}"
	ProjectSection(SolutionItems) = preProject
		nuget.config = nuget.config
		API.Dockerfile = API.Dockerfile
		Messaging.Dockerfile = Messaging.Dockerfile
	EndProjectSection
EndProject
Project("{FAE04EC0-301F-11D3-BF4B-00C04F79EFBC}") = "Amatsucozy.PMS.Email.Infrastructure", "Amatsucozy.PMS.Email.Infrastructure\Amatsucozy.PMS.Email.Infrastructure.csproj", "{77BEC181-6C02-42F7-945F-857F6996DBFD}"
EndProject
Project("{FAE04EC0-301F-11D3-BF4B-00C04F79EFBC}") = "Amatsucozy.PMS.Email.Contracts", "Amatsucozy.PMS.Email.Contracts\Amatsucozy.PMS.Email.Contracts.csproj", "{50D6E15F-F308-491F-BBE0-4EC6DDF0DCC4}"
EndProject
Project("{2150E333-8FDC-42A3-9474-1A3956D46DE8}") = "Workflows", "Workflows", "{922DDCFC-72F2-4788-8C4F-8BCF61F3D68B}"
	ProjectSection(SolutionItems) = preProject
		.github\workflows\Email.Analyze.yml = .github\workflows\Email.Analyze.yml
		.github\workflows\Email.Contracts.Pack.yml = .github\workflows\Email.Contracts.Pack.yml
		.github\workflows\Email.API.Publish.yml = .github\workflows\Email.API.Publish.yml
		.github\workflows\Email.Messaging.Publish.yml = .github\workflows\Email.Messaging.Publish.yml
	EndProjectSection
EndProject
Project("{FAE04EC0-301F-11D3-BF4B-00C04F79EFBC}") = "Amatsucozy.PMS.Email.API", "Amatsucozy.PMS.Email.API\Amatsucozy.PMS.Email.API.csproj", "{B4A97344-3AB6-4260-B74C-C109BD43E149}"
EndProject
Project("{FAE04EC0-301F-11D3-BF4B-00C04F79EFBC}") = "Amatsucozy.PMS.Email.Messaging", "Amatsucozy.PMS.Email.Messaging\Amatsucozy.PMS.Email.Messaging.csproj", "{9D608B4E-08EB-4DA9-90E4-0EE092565B7E}"
EndProject
Project("{FAE04EC0-301F-11D3-BF4B-00C04F79EFBC}") = "Amatsucozy.PMS.Email.Benchmark", "Amatsucozy.PMS.Email.Benchmark\Amatsucozy.PMS.Email.Benchmark.csproj", "{7A42D935-285D-400F-847B-6841B4D87516}"
EndProject
Global
	GlobalSection(SolutionConfigurationPlatforms) = preSolution
		Debug|Any CPU = Debug|Any CPU
		Release|Any CPU = Release|Any CPU
	EndGlobalSection
	GlobalSection(SolutionProperties) = preSolution
		HideSolutionNode = FALSE
	EndGlobalSection
	GlobalSection(ProjectConfigurationPlatforms) = postSolution
		{A25667CE-4FE8-40F0-BF2B-D2733C02B3A6}.Debug|Any CPU.ActiveCfg = Debug|Any CPU
		{A25667CE-4FE8-40F0-BF2B-D2733C02B3A6}.Debug|Any CPU.Build.0 = Debug|Any CPU
		{A25667CE-4FE8-40F0-BF2B-D2733C02B3A6}.Release|Any CPU.ActiveCfg = Release|Any CPU
		{A25667CE-4FE8-40F0-BF2B-D2733C02B3A6}.Release|Any CPU.Build.0 = Release|Any CPU
		{77BEC181-6C02-42F7-945F-857F6996DBFD}.Debug|Any CPU.ActiveCfg = Debug|Any CPU
		{77BEC181-6C02-42F7-945F-857F6996DBFD}.Debug|Any CPU.Build.0 = Debug|Any CPU
		{77BEC181-6C02-42F7-945F-857F6996DBFD}.Release|Any CPU.ActiveCfg = Release|Any CPU
		{77BEC181-6C02-42F7-945F-857F6996DBFD}.Release|Any CPU.Build.0 = Release|Any CPU
		{50D6E15F-F308-491F-BBE0-4EC6DDF0DCC4}.Debug|Any CPU.ActiveCfg = Debug|Any CPU
		{50D6E15F-F308-491F-BBE0-4EC6DDF0DCC4}.Debug|Any CPU.Build.0 = Debug|Any CPU
		{50D6E15F-F308-491F-BBE0-4EC6DDF0DCC4}.Release|Any CPU.ActiveCfg = Release|Any CPU
		{50D6E15F-F308-491F-BBE0-4EC6DDF0DCC4}.Release|Any CPU.Build.0 = Release|Any CPU
		{B4A97344-3AB6-4260-B74C-C109BD43E149}.Debug|Any CPU.ActiveCfg = Debug|Any CPU
		{B4A97344-3AB6-4260-B74C-C109BD43E149}.Debug|Any CPU.Build.0 = Debug|Any CPU
		{B4A97344-3AB6-4260-B74C-C109BD43E149}.Release|Any CPU.ActiveCfg = Release|Any CPU
		{B4A97344-3AB6-4260-B74C-C109BD43E149}.Release|Any CPU.Build.0 = Release|Any CPU
		{9D608B4E-08EB-4DA9-90E4-0EE092565B7E}.Debug|Any CPU.ActiveCfg = Debug|Any CPU
		{9D608B4E-08EB-4DA9-90E4-0EE092565B7E}.Debug|Any CPU.Build.0 = Debug|Any CPU
		{9D608B4E-08EB-4DA9-90E4-0EE092565B7E}.Release|Any CPU.ActiveCfg = Release|Any CPU
		{9D608B4E-08EB-4DA9-90E4-0EE092565B7E}.Release|Any CPU.Build.0 = Release|Any CPU
		{7A42D935-285D-400F-847B-6841B4D87516}.Debug|Any CPU.ActiveCfg = Debug|Any CPU
		{7A42D935-285D-400F-847B-6841B4D87516}.Debug|Any CPU.Build.0 = Debug|Any CPU
		{7A42D935-285D-400F-847B-6841B4D87516}.Release|Any CPU.ActiveCfg = Release|Any CPU
		{7A42D935-285D-400F-847B-6841B4D87516}.Release|Any CPU.Build.0 = Release|Any CPU
	EndGlobalSection
EndGlobal
